
Microsoft Visual Studio Solution File, Format Version 12.00
# Visual Studio Version 16
VisualStudioVersion = 16.0.28729.10
MinimumVisualStudioVersion = 10.0.40219.1
Project("{8BC9CEB8-8B4A-11D0-8D11-00A0C91BC942}") = "testFile", "testFile\testFile.vcxproj", "{5898EB05-2DF5-42C1-9B9D-816AF53055D8}"
EndProject
Global
	GlobalSection(SolutionConfigurationPlatforms) = preSolution
		Debug|x64 = Debug|x64
		Debug|x86 = Debug|x86
		Release|x64 = Release|x64
		Release|x86 = Release|x86
	EndGlobalSection
	GlobalSection(ProjectConfigurationPlatforms) = postSolution
		{5898EB05-2DF5-42C1-9B9D-816AF53055D8}.Debug|x64.ActiveCfg = Debug|x64
		{5898EB05-2DF5-42C1-9B9D-816AF53055D8}.Debug|x64.Build.0 = Debug|x64
		{5898EB05-2DF5-42C1-9B9D-816AF53055D8}.Debug|x86.ActiveCfg = Debug|Win32
		{5898EB05-2DF5-42C1-9B9D-816AF53055D8}.Debug|x86.Build.0 = Debug|Win32
		{5898EB05-2DF5-42C1-9B9D-816AF53055D8}.Release|x64.ActiveCfg = Release|x64
		{5898EB05-2DF5-42C1-9B9D-816AF53055D8}.Release|x64.Build.0 = Release|x64
		{5898EB05-2DF5-42C1-9B9D-816AF53055D8}.Release|x86.ActiveCfg = Release|Win32
		{5898EB05-2DF5-42C1-9B9D-816AF53055D8}.Release|x86.Build.0 = Release|Win32
	EndGlobalSection
	GlobalSection(SolutionProperties) = preSolution
		HideSolutionNode = FALSE
	EndGlobalSection
	GlobalSection(ExtensibilityGlobals) = postSolution
		SolutionGuid = {3EE36D24-ED63-4D3A-B738-6E4A123147A4}
	EndGlobalSection
EndGlobal
